github.com/rusq/dagproc v0.0.2 h1:wDtRLiXr8QT7T5Qd23/crgY0rSwT4s+VcDoVRX+QCb4=
github.com/rusq/dagproc v0.0.2/go.mod h1:ohuaDilD9V81WN1LgoLL3zI149CLsNCNx3MKMV4dUic=
github.com/yourbasic/graph v0.0.0-20210606180040-8ecfec1c2869 h1:7v7L5lsfw4w8iqBBXETukHo4IPltmD+mWoLRYUmeGN8=
github.com/yourbasic/graph v0.0.0-20210606180040-8ecfec1c2869/go.mod h1:Rfzr+sqaDreiCaoQbFCu3sTXxeFq/9kXRuyOoSlGQHE=
